{
  "nodes": {
    "cachix": {
      "inputs": {
        "devenv": [
          "niri-flake",
          "crate2nix"
        ],
        "flake-compat": [
          "niri-flake",
          "crate2nix"
        ],
        "nixpkgs": "nixpkgs",
        "pre-commit-hooks": [
          "niri-flake",
          "crate2nix"
        ]
      },
      "locked": {
        "lastModified": 1709700175,
        "narHash": "sha256-A0/6ZjLmT9qdYzKHmevnEIC7G+GiZ4UCr8v0poRPzds=",
        "owner": "cachix",
        "repo": "cachix",
        "rev": "be97b37989f11b724197b5f4c7ffd78f12c8c4bf",
        "type": "github"
      },
      "original": {
        "owner": "cachix",
        "ref": "latest",
        "repo": "cachix",
        "type": "github"
      }
    },
    "catppuccin-kitty": {
      "flake": false,
      "locked": {
        "lastModified": 1717247342,
        "narHash": "sha256-Y51wmGRYDjxbgO/g66+aBA+uOVrQpv2rQIjxbuzm0uk=",
        "owner": "catppuccin",
        "repo": "kitty",
        "rev": "1f99e6682d84fe4d8e3177d3add8d0591607a2ac",
        "type": "github"
      },
      "original": {
        "owner": "catppuccin",
        "repo": "kitty",
        "type": "github"
      }
    },
    "crane": {
      "inputs": {
        "nixpkgs": [
          "helix",
          "nixpkgs"
        ]
      },
      "locked": {
        "lastModified": 1709610799,
        "narHash": "sha256-5jfLQx0U9hXbi2skYMGodDJkIgffrjIOgMRjZqms2QE=",
        "owner": "ipetkov",
        "repo": "crane",
        "rev": "81c393c776d5379c030607866afef6406ca1be57",
        "type": "github"
      },
      "original": {
        "owner": "ipetkov",
        "repo": "crane",
        "type": "github"
      }
    },
    "crate2nix": {
      "inputs": {
        "cachix": "cachix",
        "crate2nix_stable": "crate2nix_stable",
        "devshell": "devshell",
        "flake-compat": "flake-compat",
        "flake-parts": "flake-parts",
        "nix-test-runner": "nix-test-runner",
        "nixpkgs": "nixpkgs_2",
        "pre-commit-hooks": "pre-commit-hooks"
      },
      "locked": {
        "lastModified": 1718548087,
        "narHash": "sha256-WmjH+vdf1UPh2W2ccRr2IhP+CXssOKkOPeh4kDZLipo=",
        "owner": "nix-community",
        "repo": "crate2nix",
        "rev": "4fcd1d9485634d10a83635e4d9e5a7c69f9a3884",
        "type": "github"
      },
      "original": {
        "owner": "nix-community",
        "repo": "crate2nix",
        "type": "github"
      }
    },
    "crate2nix_stable": {
      "inputs": {
        "flake-utils": "flake-utils_4"
      },
      "locked": {
        "lastModified": 1702842982,
        "narHash": "sha256-A9AowkHIjsy1a4LuiPiVP88FMxyCWK41flZEZOUuwQM=",
        "owner": "nix-community",
        "repo": "crate2nix",
        "rev": "75ac2973affa6b9b4f661a7b592cba6e4f51d426",
        "type": "github"
      },
      "original": {
        "owner": "nix-community",
        "ref": "0.12.0",
        "repo": "crate2nix",
        "type": "github"
      }
    },
    "devshell": {
      "inputs": {
        "flake-utils": "flake-utils_5",
        "nixpkgs": [
          "niri-flake",
          "crate2nix",
          "nixpkgs"
        ]
      },
      "locked": {
        "lastModified": 1711099426,
        "narHash": "sha256-HzpgM/wc3aqpnHJJ2oDqPBkNsqWbW0WfWUO8lKu8nGk=",
        "owner": "numtide",
        "repo": "devshell",
        "rev": "2d45b54ca4a183f2fdcf4b19c895b64fbf620ee8",
        "type": "github"
      },
      "original": {
        "owner": "numtide",
        "repo": "devshell",
        "type": "github"
      }
    },
    "flake-compat": {
      "locked": {
        "lastModified": 1696426674,
        "narHash": "sha256-kvjfFW7WAETZlt09AgDn1MrtKzP7t90Vf7vypd3OL1U=",
        "rev": "0f9255e01c2351cc7d116c072cb317785dd33b33",
        "revCount": 57,
        "type": "tarball",
        "url": "https://api.flakehub.com/f/pinned/edolstra/flake-compat/1.0.1/018afb31-abd1-7bff-a5e4-cff7e18efb7a/source.tar.gz"
      },
      "original": {
        "type": "tarball",
        "url": "https://flakehub.com/f/edolstra/flake-compat/1.tar.gz"
      }
    },
    "flake-parts": {
      "inputs": {
        "nixpkgs-lib": [
          "niri-flake",
          "crate2nix",
          "nixpkgs"
        ]
      },
      "locked": {
        "lastModified": 1712014858,
        "narHash": "sha256-sB4SWl2lX95bExY2gMFG5HIzvva5AVMJd4Igm+GpZNw=",
        "owner": "hercules-ci",
        "repo": "flake-parts",
        "rev": "9126214d0a59633752a136528f5f3b9aa8565b7d",
        "type": "github"
      },
      "original": {
        "owner": "hercules-ci",
        "repo": "flake-parts",
        "type": "github"
      }
    },
    "flake-parts_2": {
      "inputs": {
        "nixpkgs-lib": "nixpkgs-lib"
      },
      "locked": {
        "lastModified": 1717285511,
        "narHash": "sha256-iKzJcpdXih14qYVcZ9QC9XuZYnPc6T8YImb6dX166kw=",
        "owner": "hercules-ci",
        "repo": "flake-parts",
        "rev": "2a55567fcf15b1b1c7ed712a2c6fadaec7412ea8",
        "type": "github"
      },
      "original": {
        "owner": "hercules-ci",
        "repo": "flake-parts",
        "type": "github"
      }
    },
    "flake-utils": {
      "inputs": {
        "systems": "systems"
      },
      "locked": {
        "lastModified": 1709126324,
        "narHash": "sha256-q6EQdSeUZOG26WelxqkmR7kArjgWCdw5sfJVHPH/7j8=",
        "owner": "numtide",
        "repo": "flake-utils",
        "rev": "d465f4819400de7c8d874d50b982301f28a84605",
        "type": "github"
      },
      "original": {
        "owner": "numtide",
        "repo": "flake-utils",
        "type": "github"
      }
    },
    "flake-utils_2": {
      "inputs": {
        "systems": "systems_2"
      },
      "locked": {
        "lastModified": 1710146030,
        "narHash": "sha256-SZ5L6eA7HJ/nmkzGG7/ISclqe6oZdOZTNoesiInkXPQ=",
        "owner": "numtide",
        "repo": "flake-utils",
        "rev": "b1d9ab70662946ef0850d488da1c9019f3a9752a",
        "type": "github"
      },
      "original": {
        "owner": "numtide",
        "repo": "flake-utils",
        "type": "github"
      }
    },
    "flake-utils_3": {
      "inputs": {
        "systems": "systems_3"
      },
      "locked": {
        "lastModified": 1710146030,
        "narHash": "sha256-SZ5L6eA7HJ/nmkzGG7/ISclqe6oZdOZTNoesiInkXPQ=",
        "owner": "numtide",
        "repo": "flake-utils",
        "rev": "b1d9ab70662946ef0850d488da1c9019f3a9752a",
        "type": "github"
      },
      "original": {
        "owner": "numtide",
        "repo": "flake-utils",
        "type": "github"
      }
    },
    "flake-utils_4": {
      "inputs": {
        "systems": "systems_4"
      },
      "locked": {
        "lastModified": 1694529238,
        "narHash": "sha256-zsNZZGTGnMOf9YpHKJqMSsa0dXbfmxeoJ7xHlrt+xmY=",
        "owner": "numtide",
        "repo": "flake-utils",
        "rev": "ff7b65b44d01cf9ba6a71320833626af21126384",
        "type": "github"
      },
      "original": {
        "owner": "numtide",
        "repo": "flake-utils",
        "type": "github"
      }
    },
    "flake-utils_5": {
      "inputs": {
        "systems": "systems_5"
      },
      "locked": {
        "lastModified": 1701680307,
        "narHash": "sha256-kAuep2h5ajznlPMD9rnQyffWG8EM/C73lejGofXvdM8=",
        "owner": "numtide",
        "repo": "flake-utils",
        "rev": "4022d587cbbfd70fe950c1e2083a02621806a725",
        "type": "github"
      },
      "original": {
        "owner": "numtide",
        "repo": "flake-utils",
        "type": "github"
      }
    },
    "flake-utils_6": {
      "inputs": {
        "systems": "systems_6"
      },
      "locked": {
        "lastModified": 1710146030,
        "narHash": "sha256-SZ5L6eA7HJ/nmkzGG7/ISclqe6oZdOZTNoesiInkXPQ=",
        "owner": "numtide",
        "repo": "flake-utils",
        "rev": "b1d9ab70662946ef0850d488da1c9019f3a9752a",
        "type": "github"
      },
      "original": {
        "owner": "numtide",
        "repo": "flake-utils",
        "type": "github"
      }
    },
    "flake-utils_7": {
      "inputs": {
        "systems": "systems_7"
      },
      "locked": {
        "lastModified": 1710146030,
        "narHash": "sha256-SZ5L6eA7HJ/nmkzGG7/ISclqe6oZdOZTNoesiInkXPQ=",
        "owner": "numtide",
        "repo": "flake-utils",
        "rev": "b1d9ab70662946ef0850d488da1c9019f3a9752a",
        "type": "github"
      },
      "original": {
        "owner": "numtide",
        "repo": "flake-utils",
        "type": "github"
      }
    },
    "flakey-profile": {
      "locked": {
        "lastModified": 1712898590,
        "narHash": "sha256-FhGIEU93VHAChKEXx905TSiPZKga69bWl1VB37FK//I=",
        "owner": "lf-",
        "repo": "flakey-profile",
        "rev": "243c903fd8eadc0f63d205665a92d4df91d42d9d",
        "type": "github"
      },
      "original": {
        "owner": "lf-",
        "repo": "flakey-profile",
        "type": "github"
      }
    },
    "gitignore": {
      "inputs": {
        "nixpkgs": [
          "niri-flake",
          "crate2nix",
          "pre-commit-hooks",
          "nixpkgs"
        ]
      },
      "locked": {
        "lastModified": 1709087332,
        "narHash": "sha256-HG2cCnktfHsKV0s4XW83gU3F57gaTljL9KNSuG6bnQs=",
        "owner": "hercules-ci",
        "repo": "gitignore.nix",
        "rev": "637db329424fd7e46cf4185293b9cc8c88c95394",
        "type": "github"
      },
      "original": {
        "owner": "hercules-ci",
        "repo": "gitignore.nix",
        "type": "github"
      }
    },
    "helix": {
      "inputs": {
        "crane": "crane",
        "flake-utils": "flake-utils",
        "nixpkgs": [
          "nixpkgs"
        ],
        "rust-overlay": "rust-overlay"
      },
      "locked": {
        "lastModified": 1719104979,
        "narHash": "sha256-7gcMYBV2uYJyR01ILS6919t9wGGQtC5oTMLFTTEnOhM=",
        "owner": "helix-editor",
        "repo": "helix",
        "rev": "a982e5ce260e8191a2a24fa62e9e5bdf488bb5d4",
        "type": "github"
      },
      "original": {
        "owner": "helix-editor",
        "repo": "helix",
        "type": "github"
      }
    },
    "home-manager": {
      "inputs": {
        "nixpkgs": [
          "nixpkgs"
        ]
      },
      "locked": {
        "lastModified": 1718530513,
        "narHash": "sha256-BmO8d0r+BVlwWtMLQEYnwmngqdXIuyFzMwvmTcLMee8=",
        "owner": "nix-community",
        "repo": "home-manager",
        "rev": "a1fddf0967c33754271761d91a3d921772b30d0e",
        "type": "github"
      },
      "original": {
        "owner": "nix-community",
        "ref": "release-24.05",
        "repo": "home-manager",
        "type": "github"
      }
    },
    "jj": {
      "inputs": {
        "flake-utils": "flake-utils_2",
        "nixpkgs": [
          "nixpkgs"
        ],
        "rust-overlay": "rust-overlay_2"
      },
      "locked": {
        "lastModified": 1719189929,
        "narHash": "sha256-puV+z+iTyOKAGQvhBOVFW+BohMy5HvJdM8ZlJyqlTHo=",
        "owner": "martinvonz",
        "repo": "jj",
        "rev": "6ae4f45838318e3844cdb2ea3bab92d9815a43dc",
        "type": "github"
      },
      "original": {
        "owner": "martinvonz",
        "repo": "jj",
        "type": "github"
      }
    },
    "lix": {
      "flake": false,
      "locked": {
        "lastModified": 1720626042,
        "narHash": "sha256-f8k+BezKdJfmE+k7zgBJiohtS3VkkriycdXYsKOm3sc=",
        "rev": "2a4376be20d70feaa2b0e640c5041fb66ddc67ed",
        "type": "tarball",
        "url": "https://git.lix.systems/api/v1/repos/lix-project/lix/archive/2a4376be20d70feaa2b0e640c5041fb66ddc67ed.tar.gz"
      },
      "original": {
        "type": "tarball",
        "url": "https://git.lix.systems/lix-project/lix/archive/2.90.0.tar.gz"
      }
    },
    "lix-module": {
      "inputs": {
        "flake-utils": "flake-utils_3",
        "flakey-profile": "flakey-profile",
        "lix": "lix",
        "nixpkgs": [
          "nixpkgs"
        ]
      },
      "locked": {
        "lastModified": 1720641669,
        "narHash": "sha256-yEO2cGNgzm9x/XxiDQI+WckSWnZX63R8aJLBRSXtYNE=",
        "rev": "5c48c833c15bb80d127a398a8c2484d42fdd8257",
        "type": "tarball",
        "url": "https://git.lix.systems/api/v1/repos/lix-project/nixos-module/archive/5c48c833c15bb80d127a398a8c2484d42fdd8257.tar.gz"
      },
      "original": {
        "type": "tarball",
        "url": "https://git.lix.systems/lix-project/nixos-module/archive/2.90.0.tar.gz"
      }
    },
    "musnix": {
      "inputs": {
        "nixpkgs": [
          "nixpkgs"
        ]
      },
      "locked": {
        "lastModified": 1719172387,
        "narHash": "sha256-fHROIXGUBBzcXdt5FIKPeXMXMoDJdjry/M1zBE1vkEc=",
        "owner": "musnix",
        "repo": "musnix",
        "rev": "8cc556360086232827658168182062ad534059f3",
        "type": "github"
      },
      "original": {
        "owner": "musnix",
        "repo": "musnix",
        "type": "github"
      }
    },
    "naersk": {
      "inputs": {
        "nixpkgs": [
          "tree-grepper",
          "nixpkgs"
        ]
      },
      "locked": {
        "lastModified": 1718727675,
        "narHash": "sha256-uFsCwWYI2pUpt0awahSBorDUrUfBhaAiyz+BPTS2MHk=",
        "owner": "nmattia",
        "repo": "naersk",
        "rev": "941ce6dc38762a7cfb90b5add223d584feed299b",
        "type": "github"
      },
      "original": {
        "owner": "nmattia",
        "repo": "naersk",
        "type": "github"
      }
    },
    "niri-flake": {
      "inputs": {
        "crate2nix": "crate2nix",
        "flake-parts": "flake-parts_2",
        "niri-stable": "niri-stable",
        "niri-unstable": "niri-unstable",
        "nixpkgs": "nixpkgs_3",
        "nixpkgs-stable": "nixpkgs-stable"
      },
      "locked": {
        "lastModified": 1719131952,
        "narHash": "sha256-0PmqbePVNUhJlOfvFMyR49w1IEeiJyS90lylzpw5KBs=",
        "owner": "sodiboo",
        "repo": "niri-flake",
        "rev": "d1e3bd319edf937dac4225a8b91207f536d749eb",
        "type": "github"
      },
      "original": {
        "owner": "sodiboo",
        "repo": "niri-flake",
        "type": "github"
      }
    },
    "niri-stable": {
      "flake": false,
      "locked": {
        "lastModified": 1716030039,
        "narHash": "sha256-MJh0CR2YHJE0GNnxaTcElNMuZUEI0pe9fvC0mfy4484=",
        "owner": "YaLTeR",
        "repo": "niri",
        "rev": "d96a66ddff1a6b88dbe3e23b049f7075533b216f",
        "type": "github"
      },
      "original": {
        "owner": "YaLTeR",
        "ref": "v0.1.6",
        "repo": "niri",
        "type": "github"
      }
    },
    "niri-unstable": {
      "flake": false,
      "locked": {
        "lastModified": 1719069675,
        "narHash": "sha256-J64s77fxdaMl5qbnmoqAEBXr4ACRA56LGfJo07H5NjQ=",
        "owner": "YaLTeR",
        "repo": "niri",
        "rev": "ebaf1b06205bbf6bae2697a7b025665d3c244478",
        "type": "github"
      },
      "original": {
        "owner": "YaLTeR",
        "repo": "niri",
        "type": "github"
      }
    },
    "nix-test-runner": {
      "flake": false,
      "locked": {
        "lastModified": 1588761593,
        "narHash": "sha256-FKJykltAN/g3eIceJl4SfDnnyuH2jHImhMrXS2KvGIs=",
        "owner": "stoeffel",
        "repo": "nix-test-runner",
        "rev": "c45d45b11ecef3eb9d834c3b6304c05c49b06ca2",
        "type": "github"
      },
      "original": {
        "owner": "stoeffel",
        "repo": "nix-test-runner",
        "type": "github"
      }
    },
    "nixos-hardware": {
      "locked": {
        "lastModified": 1728729581,
        "narHash": "sha256-oazkQ/z7r43YkDLLQdMg8oIB3CwWNb+2ZrYOxtLEWTQ=",
        "owner": "NixOS",
        "repo": "nixos-hardware",
        "rev": "a8dd1b21995964b115b1e3ec639dd6ce24ab9806",
        "type": "github"
      },
      "original": {
        "owner": "NixOS",
        "repo": "nixos-hardware",
        "type": "github"
      }
    },
    "nixpkgs": {
      "locked": {
        "lastModified": 1700612854,
        "narHash": "sha256-yrQ8osMD+vDLGFX7pcwsY/Qr5PUd6OmDMYJZzZi0+zc=",
        "owner": "NixOS",
        "repo": "nixpkgs",
        "rev": "19cbff58383a4ae384dea4d1d0c823d72b49d614",
        "type": "github"
      },
      "original": {
        "owner": "NixOS",
        "ref": "nixos-unstable",
        "repo": "nixpkgs",
        "type": "github"
      }
    },
    "nixpkgs-lib": {
      "locked": {
        "lastModified": 1717284937,
        "narHash": "sha256-lIbdfCsf8LMFloheeE6N31+BMIeixqyQWbSr2vk79EQ=",
        "type": "tarball",
        "url": "https://github.com/NixOS/nixpkgs/archive/eb9ceca17df2ea50a250b6b27f7bf6ab0186f198.tar.gz"
      },
      "original": {
        "type": "tarball",
        "url": "https://github.com/NixOS/nixpkgs/archive/eb9ceca17df2ea50a250b6b27f7bf6ab0186f198.tar.gz"
      }
    },
    "nixpkgs-stable": {
      "locked": {
        "lastModified": 1718811006,
        "narHash": "sha256-0Y8IrGhRmBmT7HHXlxxepg2t8j1X90++qRN3lukGaIk=",
        "owner": "NixOS",
        "repo": "nixpkgs",
        "rev": "03d771e513ce90147b65fe922d87d3a0356fc125",
        "type": "github"
      },
      "original": {
        "owner": "NixOS",
        "ref": "nixos-23.11",
        "repo": "nixpkgs",
        "type": "github"
      }
    },
    "nixpkgs-unstable": {
      "locked": {
        "lastModified": 1719075281,
        "narHash": "sha256-CyyxvOwFf12I91PBWz43iGT1kjsf5oi6ax7CrvaMyAo=",
        "owner": "nixos",
        "repo": "nixpkgs",
        "rev": "a71e967ef3694799d0c418c98332f7ff4cc5f6af",
        "type": "github"
      },
      "original": {
        "owner": "nixos",
        "ref": "nixos-unstable",
        "repo": "nixpkgs",
        "type": "github"
      }
    },
    "nixpkgs_2": {
      "locked": {
        "lastModified": 1712026416,
        "narHash": "sha256-N/3VR/9e1NlN49p7kCiATiEY6Tzdo+CbrAG8kqCQKcI=",
        "owner": "NixOS",
        "repo": "nixpkgs",
        "rev": "080a4a27f206d07724b88da096e27ef63401a504",
        "type": "github"
      },
      "original": {
        "id": "nixpkgs",
        "type": "indirect"
      }
    },
    "nixpkgs_3": {
      "locked": {
        "lastModified": 1719075281,
        "narHash": "sha256-CyyxvOwFf12I91PBWz43iGT1kjsf5oi6ax7CrvaMyAo=",
        "owner": "NixOS",
        "repo": "nixpkgs",
        "rev": "a71e967ef3694799d0c418c98332f7ff4cc5f6af",
        "type": "github"
      },
      "original": {
        "owner": "NixOS",
        "ref": "nixos-unstable",
        "repo": "nixpkgs",
        "type": "github"
      }
    },
    "nixpkgs_4": {
      "locked": {
        "lastModified": 1718835956,
        "narHash": "sha256-wM9v2yIxClRYsGHut5vHICZTK7xdrUGfrLkXvSuv6s4=",
        "owner": "nixos",
        "repo": "nixpkgs",
        "rev": "dd457de7e08c6d06789b1f5b88fc9327f4d96309",
        "type": "github"
      },
      "original": {
        "owner": "nixos",
        "ref": "nixos-24.05",
        "repo": "nixpkgs",
        "type": "github"
      }
    },
    "nixpkgs_5": {
      "locked": {
        "lastModified": 1718606988,
        "narHash": "sha256-pmjP5ePc1jz+Okona3HxD7AYT0wbrCwm9bXAlj08nDM=",
        "owner": "NixOS",
        "repo": "nixpkgs",
        "rev": "38d3352a65ac9d621b0cd3074d3bef27199ff78f",
        "type": "github"
      },
      "original": {
        "owner": "NixOS",
        "ref": "nixpkgs-unstable",
        "repo": "nixpkgs",
        "type": "github"
      }
    },
    "nur": {
      "locked": {
        "lastModified": 1719212025,
        "narHash": "sha256-2bHo5MaNsJga0u7oikPGiooTA6S4UZTZFDfl+UiPif8=",
        "owner": "nix-community",
        "repo": "NUR",
        "rev": "b2272dd682bd49a6c70fc865d551d9b109811604",
        "type": "github"
      },
      "original": {
        "owner": "nix-community",
        "repo": "NUR",
        "type": "github"
      }
    },
    "pre-commit-hooks": {
      "inputs": {
        "flake-compat": [
          "niri-flake",
          "crate2nix",
          "flake-compat"
        ],
        "flake-utils": "flake-utils_6",
        "gitignore": "gitignore",
        "nixpkgs": [
          "niri-flake",
          "crate2nix",
          "nixpkgs"
        ],
        "nixpkgs-stable": [
          "niri-flake",
          "crate2nix",
          "nixpkgs"
        ]
      },
      "locked": {
        "lastModified": 1712055707,
        "narHash": "sha256-4XLvuSIDZJGS17xEwSrNuJLL7UjDYKGJSbK1WWX2AK8=",
        "owner": "cachix",
        "repo": "pre-commit-hooks.nix",
        "rev": "e35aed5fda3cc79f88ed7f1795021e559582093a",
        "type": "github"
      },
      "original": {
        "owner": "cachix",
        "repo": "pre-commit-hooks.nix",
        "type": "github"
      }
    },
    "root": {
      "inputs": {
        "catppuccin-kitty": "catppuccin-kitty",
        "helix": "helix",
        "home-manager": "home-manager",
        "jj": "jj",
        "lix-module": "lix-module",
        "musnix": "musnix",
        "niri-flake": "niri-flake",
        "nixos-hardware": "nixos-hardware",
        "nixpkgs": "nixpkgs_4",
        "nixpkgs-unstable": "nixpkgs-unstable",
        "nur": "nur",
        "tree-grepper": "tree-grepper"
      }
    },
    "rust-overlay": {
      "inputs": {
        "flake-utils": [
          "helix",
          "flake-utils"
        ],
        "nixpkgs": [
          "helix",
          "nixpkgs"
        ]
      },
      "locked": {
        "lastModified": 1709604635,
        "narHash": "sha256-le4fwmWmjGRYWwkho0Gr7mnnZndOOe4XGbLw68OvF40=",
        "owner": "oxalica",
        "repo": "rust-overlay",
        "rev": "e86c0fb5d3a22a5f30d7f64ecad88643fe26449d",
        "type": "github"
      },
      "original": {
        "owner": "oxalica",
        "repo": "rust-overlay",
        "type": "github"
      }
    },
    "rust-overlay_2": {
      "inputs": {
        "flake-utils": [
          "jj",
          "flake-utils"
        ],
        "nixpkgs": [
          "jj",
          "nixpkgs"
        ]
      },
      "locked": {
        "lastModified": 1718072316,
        "narHash": "sha256-p33h73iQ1HkLalCplV5MH0oP3HXRaH3zufnFqb5//ps=",
        "owner": "oxalica",
        "repo": "rust-overlay",
        "rev": "bedc47af18fc41bb7d2edc2b212d59ca36253f59",
        "type": "github"
      },
      "original": {
        "owner": "oxalica",
        "repo": "rust-overlay",
        "type": "github"
      }
    },
    "systems": {
      "locked": {
        "lastModified": 1681028828,
        "narHash": "sha256-Vy1rq5AaRuLzOxct8nz4T6wlgyUR7zLU309k9mBC768=",
        "owner": "nix-systems",
        "repo": "default",
        "rev": "da67096a3b9bf56a91d16901293e51ba5b49a27e",
        "type": "github"
      },
      "original": {
        "owner": "nix-systems",
        "repo": "default",
        "type": "github"
      }
    },
    "systems_2": {
      "locked": {
        "lastModified": 1681028828,
        "narHash": "sha256-Vy1rq5AaRuLzOxct8nz4T6wlgyUR7zLU309k9mBC768=",
        "owner": "nix-systems",
        "repo": "default",
        "rev": "da67096a3b9bf56a91d16901293e51ba5b49a27e",
        "type": "github"
      },
      "original": {
        "owner": "nix-systems",
        "repo": "default",
        "type": "github"
      }
    },
    "systems_3": {
      "locked": {
        "lastModified": 1681028828,
        "narHash": "sha256-Vy1rq5AaRuLzOxct8nz4T6wlgyUR7zLU309k9mBC768=",
        "owner": "nix-systems",
        "repo": "default",
        "rev": "da67096a3b9bf56a91d16901293e51ba5b49a27e",
        "type": "github"
      },
      "original": {
        "owner": "nix-systems",
        "repo": "default",
        "type": "github"
      }
    },
    "systems_4": {
      "locked": {
        "lastModified": 1681028828,
        "narHash": "sha256-Vy1rq5AaRuLzOxct8nz4T6wlgyUR7zLU309k9mBC768=",
        "owner": "nix-systems",
        "repo": "default",
        "rev": "da67096a3b9bf56a91d16901293e51ba5b49a27e",
        "type": "github"
      },
      "original": {
        "owner": "nix-systems",
        "repo": "default",
        "type": "github"
      }
    },
    "systems_5": {
      "locked": {
        "lastModified": 1681028828,
        "narHash": "sha256-Vy1rq5AaRuLzOxct8nz4T6wlgyUR7zLU309k9mBC768=",
        "owner": "nix-systems",
        "repo": "default",
        "rev": "da67096a3b9bf56a91d16901293e51ba5b49a27e",
        "type": "github"
      },
      "original": {
        "owner": "nix-systems",
        "repo": "default",
        "type": "github"
      }
    },
    "systems_6": {
      "locked": {
        "lastModified": 1681028828,
        "narHash": "sha256-Vy1rq5AaRuLzOxct8nz4T6wlgyUR7zLU309k9mBC768=",
        "owner": "nix-systems",
        "repo": "default",
        "rev": "da67096a3b9bf56a91d16901293e51ba5b49a27e",
        "type": "github"
      },
      "original": {
        "owner": "nix-systems",
        "repo": "default",
        "type": "github"
      }
    },
    "systems_7": {
      "locked": {
        "lastModified": 1681028828,
        "narHash": "sha256-Vy1rq5AaRuLzOxct8nz4T6wlgyUR7zLU309k9mBC768=",
        "owner": "nix-systems",
        "repo": "default",
        "rev": "da67096a3b9bf56a91d16901293e51ba5b49a27e",
        "type": "github"
      },
      "original": {
        "owner": "nix-systems",
        "repo": "default",
        "type": "github"
      }
    },
    "tree-grepper": {
      "inputs": {
        "flake-utils": "flake-utils_7",
        "naersk": "naersk",
        "nixpkgs": "nixpkgs_5",
        "tree-sitter-c": "tree-sitter-c",
        "tree-sitter-cpp": "tree-sitter-cpp",
        "tree-sitter-cuda": "tree-sitter-cuda",
        "tree-sitter-elixir": "tree-sitter-elixir",
        "tree-sitter-elm": "tree-sitter-elm",
        "tree-sitter-go": "tree-sitter-go",
        "tree-sitter-haskell": "tree-sitter-haskell",
        "tree-sitter-java": "tree-sitter-java",
        "tree-sitter-javascript": "tree-sitter-javascript",
        "tree-sitter-markdown": "tree-sitter-markdown",
        "tree-sitter-nix": "tree-sitter-nix",
        "tree-sitter-php": "tree-sitter-php",
        "tree-sitter-python": "tree-sitter-python",
        "tree-sitter-ruby": "tree-sitter-ruby",
        "tree-sitter-rust": "tree-sitter-rust",
        "tree-sitter-scss": "tree-sitter-scss",
        "tree-sitter-typescript": "tree-sitter-typescript"
      },
      "locked": {
        "lastModified": 1718843972,
        "narHash": "sha256-MQjFufx3o1H3j7l6X1AySGmhcqQLydS2BclVRoE8PHI=",
        "owner": "BrianHicks",
        "repo": "tree-grepper",
        "rev": "aede69dc42364ffe81c2d8bf6a4f8d5ae758ac19",
        "type": "github"
      },
      "original": {
        "owner": "BrianHicks",
        "repo": "tree-grepper",
        "type": "github"
      }
    },
    "tree-sitter-c": {
      "flake": false,
      "locked": {
        "lastModified": 1717181321,
        "narHash": "sha256-uvvARjD4729GO8vpmrhAzheEQ3oz7LYmF8awdyS2/Rw=",
        "owner": "tree-sitter",
        "repo": "tree-sitter-c",
        "rev": "deca017a554045b4c203e7ddff39ae64ff05e071",
        "type": "github"
      },
      "original": {
        "owner": "tree-sitter",
        "repo": "tree-sitter-c",
        "type": "github"
      }
    },
    "tree-sitter-cpp": {
      "flake": false,
      "locked": {
        "lastModified": 1718665042,
        "narHash": "sha256-haU0fXNwYh3YaP8VMY1krRHxrGvNkDV4hMcxp5z9TVA=",
        "owner": "tree-sitter",
        "repo": "tree-sitter-cpp",
        "rev": "7ce8946cae4bb25adebe5b50394f702beb007026",
        "type": "github"
      },
      "original": {
        "owner": "tree-sitter",
        "repo": "tree-sitter-cpp",
        "type": "github"
      }
    },
    "tree-sitter-cuda": {
      "flake": false,
      "locked": {
        "lastModified": 1690137001,
        "narHash": "sha256-oKuHUI27gsWuP+8reOPE01/z7us84/7tPzzAB5n3024=",
        "owner": "theHamsta",
        "repo": "tree-sitter-cuda",
        "rev": "a07b5ccb2c1e328ef424d4d1ab94c881e2aed2c3",
        "type": "github"
      },
      "original": {
        "owner": "theHamsta",
        "ref": "v0.20.3",
        "repo": "tree-sitter-cuda",
        "type": "github"
      }
    },
    "tree-sitter-elixir": {
      "flake": false,
      "locked": {
        "lastModified": 1717589899,
        "narHash": "sha256-1B3jVMJs1WNU3K7t42mv9Ab85KEaa8vn8zURksNts+E=",
        "owner": "elixir-lang",
        "repo": "tree-sitter-elixir",
        "rev": "c7ae8b77e2749826dcf23df6514f08fdd68c66a3",
        "type": "github"
      },
      "original": {
        "owner": "elixir-lang",
        "ref": "main",
        "repo": "tree-sitter-elixir",
        "type": "github"
      }
    },
    "tree-sitter-elm": {
      "flake": false,
      "locked": {
        "lastModified": 1708283668,
        "narHash": "sha256-Bq2oWtqEAsKyV0iHNKC+hXW4fh4yUwbfUhPtZWg5pug=",
        "owner": "elm-tooling",
        "repo": "tree-sitter-elm",
        "rev": "09dbf221d7491dc8d8839616b27c21b9c025c457",
        "type": "github"
      },
      "original": {
        "owner": "elm-tooling",
        "ref": "main",
        "repo": "tree-sitter-elm",
        "type": "github"
      }
    },
    "tree-sitter-go": {
      "flake": false,
      "locked": {
        "lastModified": 1715361853,
        "narHash": "sha256-ARfpfMSXy+DpvUMJvUgjgReoyvGbrVwYutZD91JA4qc=",
        "owner": "tree-sitter",
        "repo": "tree-sitter-go",
        "rev": "7ee8d928db5202f6831a78f8112fd693bf69f98b",
        "type": "github"
      },
      "original": {
        "owner": "tree-sitter",
        "repo": "tree-sitter-go",
        "type": "github"
      }
    },
    "tree-sitter-haskell": {
      "flake": false,
      "locked": {
        "lastModified": 1725271087,
        "narHash": "sha256-BvnCHdHJwhCH3wQnA8JA2RgOUUpigJv7f88pRMW1U8o=",
        "owner": "tree-sitter",
        "repo": "tree-sitter-haskell",
        "rev": "558b997049fddcb07fc513528189c57d6129a260",
        "type": "github"
      },
      "original": {
        "owner": "tree-sitter",
        "repo": "tree-sitter-haskell",
        "type": "github"
      }
    },
    "tree-sitter-java": {
      "flake": false,
      "locked": {
        "lastModified": 1712515070,
        "narHash": "sha256-COrEPsdTI6MJeb5iIZtyNHHe6nMsD/EnHDRVDTSKFTg=",
        "owner": "tree-sitter",
        "repo": "tree-sitter-java",
        "rev": "953abfc8bb3eb2f578e1f461edba4a9885f974b8",
        "type": "github"
      },
      "original": {
        "owner": "tree-sitter",
        "repo": "tree-sitter-java",
        "type": "github"
      }
    },
    "tree-sitter-javascript": {
      "flake": false,
      "locked": {
        "lastModified": 1717130192,
        "narHash": "sha256-GOIhkoiiUhkTpUhDm/sfLtsNhOrVoGx2uiXEteruT2g=",
        "owner": "tree-sitter",
        "repo": "tree-sitter-javascript",
        "rev": "391a8fcc48a11f63bf18ec9885f6f069e760949a",
        "type": "github"
      },
      "original": {
        "owner": "tree-sitter",
        "repo": "tree-sitter-javascript",
        "type": "github"
      }
    },
    "tree-sitter-markdown": {
      "flake": false,
      "locked": {
        "lastModified": 1712069868,
        "narHash": "sha256-Ai8w5fVtN6NofEGG3VQNd8pNPVijYw6nDzrhedKMOe4=",
        "owner": "tree-sitter-grammars",
        "repo": "tree-sitter-markdown",
        "rev": "7fe453beacecf02c86f7736439f238f5bb8b5c9b",
        "type": "github"
      },
      "original": {
        "owner": "tree-sitter-grammars",
        "repo": "tree-sitter-markdown",
        "type": "github"
      }
    },
    "tree-sitter-nix": {
      "flake": false,
      "locked": {
        "lastModified": 1712129893,
        "narHash": "sha256-Ib83CECi3hvm2GfeAJXIkapeN8rrpFQxCWWFFsIvB/Y=",
        "owner": "cstrahan",
        "repo": "tree-sitter-nix",
        "rev": "b3cda619248e7dd0f216088bd152f59ce0bbe488",
        "type": "github"
      },
      "original": {
        "owner": "cstrahan",
        "repo": "tree-sitter-nix",
        "type": "github"
      }
    },
    "tree-sitter-php": {
      "flake": false,
      "locked": {
        "lastModified": 1717775602,
        "narHash": "sha256-qYfcJCcZ2s/z61aPhO/y+v32FnEwf0rBvtvPiQVtBOE=",
        "owner": "tree-sitter",
        "repo": "tree-sitter-php",
        "rev": "4f124bc6075e1c3333e80190c1c170933ed72c95",
        "type": "github"
      },
      "original": {
        "owner": "tree-sitter",
        "repo": "tree-sitter-php",
        "type": "github"
      }
    },
    "tree-sitter-python": {
      "flake": false,
      "locked": {
        "lastModified": 1714528221,
        "narHash": "sha256-hHQ5gK4dTRSdp0fLKarytU9vFhsBeQp7Ka61vFoIr7Y=",
        "owner": "tree-sitter",
        "repo": "tree-sitter-python",
        "rev": "71778c2a472ed00a64abf4219544edbf8e4b86d7",
        "type": "github"
      },
      "original": {
        "owner": "tree-sitter",
        "repo": "tree-sitter-python",
        "type": "github"
      }
    },
    "tree-sitter-ruby": {
      "flake": false,
      "locked": {
        "lastModified": 1716473555,
        "narHash": "sha256-HV/hJwftBTCj9WomIcLB6n0LcQRHAzlQsJBNOxu6XJo=",
        "owner": "tree-sitter",
        "repo": "tree-sitter-ruby",
        "rev": "dc2d7d6b50f9975bc3c35bbec0ba11b2617b736b",
        "type": "github"
      },
      "original": {
        "owner": "tree-sitter",
        "repo": "tree-sitter-ruby",
        "type": "github"
      }
    },
    "tree-sitter-rust": {
      "flake": false,
      "locked": {
        "lastModified": 1714951718,
        "narHash": "sha256-mwnikq3s7Ien68DYT3p9oVGy7xjBgtiJMHAwMj5HXHI=",
        "owner": "tree-sitter",
        "repo": "tree-sitter-rust",
        "rev": "9c84af007b0f144954adb26b3f336495cbb320a7",
        "type": "github"
      },
      "original": {
        "owner": "tree-sitter",
        "repo": "tree-sitter-rust",
        "type": "github"
      }
    },
    "tree-sitter-scss": {
      "flake": false,
      "locked": {
        "lastModified": 1643924901,
        "narHash": "sha256-BFtMT6eccBWUyq6b8UXRAbB1R1XD3CrrFf1DM3aUI5c=",
        "owner": "serenadeai",
        "repo": "tree-sitter-scss",
        "rev": "c478c6868648eff49eb04a4df90d703dc45b312a",
        "type": "github"
      },
      "original": {
        "owner": "serenadeai",
        "repo": "tree-sitter-scss",
        "type": "github"
      }
    },
    "tree-sitter-typescript": {
      "flake": false,
      "locked": {
        "lastModified": 1718719718,
        "narHash": "sha256-f/xk4MdGVvkZv0642aOwA9UFZSb0GvoLu+jgXUp/bhw=",
        "owner": "tree-sitter",
        "repo": "tree-sitter-typescript",
        "rev": "4f3eb6655a1cd1a1f87ef10201f8e22886dcd76e",
        "type": "github"
      },
      "original": {
        "owner": "tree-sitter",
        "repo": "tree-sitter-typescript",
        "type": "github"
      }
    }
  },
  "root": "root",
  "version": 7
}
